
Microsoft Visual Studio Solution File, Format Version 12.00
# Visual Studio Version 16
VisualStudioVersion = 16.0.31321.278
MinimumVisualStudioVersion = 10.0.40219.1
Project("{2150E333-8FDC-42A3-9474-1A3956D46DE8}") = "Services", "Services", "{15E73DF1-7D8A-47A1-991B-C82880BB32DE}"
EndProject
Project("{2150E333-8FDC-42A3-9474-1A3956D46DE8}") = "Catalog", "Catalog", "{E3C450A7-A706-4148-B99F-5388DABBD4E5}"
EndProject
Project("{FAE04EC0-301F-11D3-BF4B-00C04F79EFBC}") = "Catalog.API", "Services\Catalog\Catalog.API\Catalog.API.csproj", "{741E2E1E-AA9F-43DD-B417-BE6448F23EA4}"
EndProject
Global
	GlobalSection(SolutionConfigurationPlatforms) = preSolution
		Debug|Any CPU = Debug|Any CPU
		Release|Any CPU = Release|Any CPU
	EndGlobalSection
	GlobalSection(ProjectConfigurationPlatforms) = postSolution
		{741E2E1E-AA9F-43DD-B417-BE6448F23EA4}.Debug|Any CPU.ActiveCfg = Debug|Any CPU
		{741E2E1E-AA9F-43DD-B417-BE6448F23EA4}.Debug|Any CPU.Build.0 = Debug|Any CPU
		{741E2E1E-AA9F-43DD-B417-BE6448F23EA4}.Release|Any CPU.ActiveCfg = Release|Any CPU
		{741E2E1E-AA9F-43DD-B417-BE6448F23EA4}.Release|Any CPU.Build.0 = Release|Any CPU
	EndGlobalSection
	GlobalSection(SolutionProperties) = preSolution
		HideSolutionNode = FALSE
	EndGlobalSection
	GlobalSection(NestedProjects) = preSolution
		{E3C450A7-A706-4148-B99F-5388DABBD4E5} = {15E73DF1-7D8A-47A1-991B-C82880BB32DE}
		{741E2E1E-AA9F-43DD-B417-BE6448F23EA4} = {E3C450A7-A706-4148-B99F-5388DABBD4E5}
	EndGlobalSection
	GlobalSection(ExtensibilityGlobals) = postSolution
		SolutionGuid = {EDB537FE-490B-4405-A59E-AAF05D37227B}
	EndGlobalSection
EndGlobal
